
Microsoft Visual Studio Solution File, Format Version 12.00
# Visual Studio Version 17
VisualStudioVersion = 17.0.32014.148
MinimumVisualStudioVersion = 10.0.40219.1
Project("{9A19103F-16F7-4668-BE54-9A1E7A4F7556}") = "Password", "Password\Password.csproj", "{2EA710C4-4364-4EC3-AFA6-020EA9E36E1B}"
EndProject
Project("{9A19103F-16F7-4668-BE54-9A1E7A4F7556}") = "Manager", "Manager\Manager.csproj", "{1F614C61-5B71-4FBE-913D-73A22A128E59}"
EndProject
Project("{9A19103F-16F7-4668-BE54-9A1E7A4F7556}") = "JsonFetcher", "JsonFetcher\JsonFetcher.csproj", "{158CA678-0875-4121-BC3D-FF35E27B0678}"
EndProject
Project("{9A19103F-16F7-4668-BE54-9A1E7A4F7556}") = "PasswordV2", "PasswordV2\PasswordV2.csproj", "{5B1A856A-1594-458C-B5F2-385200C893E4}"
EndProject
Project("{9A19103F-16F7-4668-BE54-9A1E7A4F7556}") = "Testing Ground", "Testing Ground\Testing Ground.csproj", "{563421FC-ADCA-4B15-9464-2DBE7BDCE883}"
EndProject
Global
	GlobalSection(SolutionConfigurationPlatforms) = preSolution
		Debug|Any CPU = Debug|Any CPU
		Release|Any CPU = Release|Any CPU
	EndGlobalSection
	GlobalSection(ProjectConfigurationPlatforms) = postSolution
		{2EA710C4-4364-4EC3-AFA6-020EA9E36E1B}.Debug|Any CPU.ActiveCfg = Debug|Any CPU
		{2EA710C4-4364-4EC3-AFA6-020EA9E36E1B}.Debug|Any CPU.Build.0 = Debug|Any CPU
		{2EA710C4-4364-4EC3-AFA6-020EA9E36E1B}.Release|Any CPU.ActiveCfg = Release|Any CPU
		{2EA710C4-4364-4EC3-AFA6-020EA9E36E1B}.Release|Any CPU.Build.0 = Release|Any CPU
		{1F614C61-5B71-4FBE-913D-73A22A128E59}.Debug|Any CPU.ActiveCfg = Debug|Any CPU
		{1F614C61-5B71-4FBE-913D-73A22A128E59}.Debug|Any CPU.Build.0 = Debug|Any CPU
		{1F614C61-5B71-4FBE-913D-73A22A128E59}.Release|Any CPU.ActiveCfg = Release|Any CPU
		{1F614C61-5B71-4FBE-913D-73A22A128E59}.Release|Any CPU.Build.0 = Release|Any CPU
		{158CA678-0875-4121-BC3D-FF35E27B0678}.Debug|Any CPU.ActiveCfg = Debug|Any CPU
		{158CA678-0875-4121-BC3D-FF35E27B0678}.Debug|Any CPU.Build.0 = Debug|Any CPU
		{158CA678-0875-4121-BC3D-FF35E27B0678}.Release|Any CPU.ActiveCfg = Release|Any CPU
		{158CA678-0875-4121-BC3D-FF35E27B0678}.Release|Any CPU.Build.0 = Release|Any CPU
		{5B1A856A-1594-458C-B5F2-385200C893E4}.Debug|Any CPU.ActiveCfg = Debug|Any CPU
		{5B1A856A-1594-458C-B5F2-385200C893E4}.Debug|Any CPU.Build.0 = Debug|Any CPU
		{5B1A856A-1594-458C-B5F2-385200C893E4}.Release|Any CPU.ActiveCfg = Release|Any CPU
		{5B1A856A-1594-458C-B5F2-385200C893E4}.Release|Any CPU.Build.0 = Release|Any CPU
		{563421FC-ADCA-4B15-9464-2DBE7BDCE883}.Debug|Any CPU.ActiveCfg = Debug|Any CPU
		{563421FC-ADCA-4B15-9464-2DBE7BDCE883}.Debug|Any CPU.Build.0 = Debug|Any CPU
		{563421FC-ADCA-4B15-9464-2DBE7BDCE883}.Release|Any CPU.ActiveCfg = Release|Any CPU
		{563421FC-ADCA-4B15-9464-2DBE7BDCE883}.Release|Any CPU.Build.0 = Release|Any CPU
	EndGlobalSection
	GlobalSection(SolutionProperties) = preSolution
		HideSolutionNode = FALSE
	EndGlobalSection
	GlobalSection(ExtensibilityGlobals) = postSolution
		SolutionGuid = {39F1B735-873F-44D7-9829-B882EE4FD50D}
	EndGlobalSection
EndGlobal
